
Microsoft Visual Studio Solution File, Format Version 12.00
# Visual Studio Version 17
VisualStudioVersion = 17.1.32328.378
MinimumVisualStudioVersion = 10.0.40219.1
Project("{FAE04EC0-301F-11D3-BF4B-00C04F79EFBC}") = "OperationOnNLogProject", "OperationOnNLogProject.csproj", "{9796366A-56FF-450B-A74E-84C8CF8567ED}"
EndProject
Global
	GlobalSection(SolutionConfigurationPlatforms) = preSolution
		Debug|Any CPU = Debug|Any CPU
		Release|Any CPU = Release|Any CPU
	EndGlobalSection
	GlobalSection(ProjectConfigurationPlatforms) = postSolution
		{9796366A-56FF-450B-A74E-84C8CF8567ED}.Debug|Any CPU.ActiveCfg = Debug|Any CPU
		{9796366A-56FF-450B-A74E-84C8CF8567ED}.Debug|Any CPU.Build.0 = Debug|Any CPU
		{9796366A-56FF-450B-A74E-84C8CF8567ED}.Release|Any CPU.ActiveCfg = Release|Any CPU
		{9796366A-56FF-450B-A74E-84C8CF8567ED}.Release|Any CPU.Build.0 = Release|Any CPU
	EndGlobalSection
	GlobalSection(SolutionProperties) = preSolution
		HideSolutionNode = FALSE
	EndGlobalSection
	GlobalSection(ExtensibilityGlobals) = postSolution
		SolutionGuid = {9D7A5B0A-0AD3-4A3B-AA46-7925F9794B14}
	EndGlobalSection
EndGlobal
